
Microsoft Visual Studio Solution File, Format Version 12.00
# Visual Studio Version 16
VisualStudioVersion = 16.0.31129.286
MinimumVisualStudioVersion = 10.0.40219.1
Project("{FAE04EC0-301F-11D3-BF4B-00C04F79EFBC}") = "OmaXamarin2021.Android", "OmaXamarin2021.Android\OmaXamarin2021.Android.csproj", "{E353C153-0EFF-4661-8A5A-B35600878326}"
EndProject
Project("{FAE04EC0-301F-11D3-BF4B-00C04F79EFBC}") = "OmaXamarin2021", "OmaXamarin2021\OmaXamarin2021.csproj", "{E65606A8-1BBC-46ED-9179-600D09E1A6AE}"
EndProject
Global
	GlobalSection(SolutionConfigurationPlatforms) = preSolution
		Debug|Any CPU = Debug|Any CPU
		Release|Any CPU = Release|Any CPU
	EndGlobalSection
	GlobalSection(ProjectConfigurationPlatforms) = postSolution
		{E353C153-0EFF-4661-8A5A-B35600878326}.Debug|Any CPU.ActiveCfg = Debug|Any CPU
		{E353C153-0EFF-4661-8A5A-B35600878326}.Debug|Any CPU.Build.0 = Debug|Any CPU
		{E353C153-0EFF-4661-8A5A-B35600878326}.Debug|Any CPU.Deploy.0 = Debug|Any CPU
		{E353C153-0EFF-4661-8A5A-B35600878326}.Release|Any CPU.ActiveCfg = Release|Any CPU
		{E353C153-0EFF-4661-8A5A-B35600878326}.Release|Any CPU.Build.0 = Release|Any CPU
		{E353C153-0EFF-4661-8A5A-B35600878326}.Release|Any CPU.Deploy.0 = Release|Any CPU
		{E65606A8-1BBC-46ED-9179-600D09E1A6AE}.Debug|Any CPU.ActiveCfg = Debug|Any CPU
		{E65606A8-1BBC-46ED-9179-600D09E1A6AE}.Debug|Any CPU.Build.0 = Debug|Any CPU
		{E65606A8-1BBC-46ED-9179-600D09E1A6AE}.Debug|Any CPU.Deploy.0 = Debug|Any CPU
		{E65606A8-1BBC-46ED-9179-600D09E1A6AE}.Release|Any CPU.ActiveCfg = Release|Any CPU
		{E65606A8-1BBC-46ED-9179-600D09E1A6AE}.Release|Any CPU.Build.0 = Release|Any CPU
		{E65606A8-1BBC-46ED-9179-600D09E1A6AE}.Release|Any CPU.Deploy.0 = Release|Any CPU
	EndGlobalSection
	GlobalSection(SolutionProperties) = preSolution
		HideSolutionNode = FALSE
	EndGlobalSection
	GlobalSection(ExtensibilityGlobals) = postSolution
		SolutionGuid = {275CA730-6083-4B94-BDB4-F5497ECF5312}
	EndGlobalSection
EndGlobal
